
Microsoft Visual Studio Solution File, Format Version 12.00
# Visual Studio 14
VisualStudioVersion = 14.0.25420.1
MinimumVisualStudioVersion = 10.0.40219.1
Project("{8BC9CEB8-8B4A-11D0-8D11-00A0C91BC942}") = "LG_Map", "LG_Map\LG_Map.vcxproj", "{828359A7-3D1B-4CC5-9264-B6432D9B6D04}"
	ProjectSection(ProjectDependencies) = postProject
		{353CAAB5-D25C-4249-A3DD-49BA0CAA3561} = {353CAAB5-D25C-4249-A3DD-49BA0CAA3561}
		{225902FA-D56E-40E7-9EE6-6E692C09A3DF} = {225902FA-D56E-40E7-9EE6-6E692C09A3DF}
	EndProjectSection
EndProject
Project("{8BC9CEB8-8B4A-11D0-8D11-00A0C91BC942}") = "LG_MapUnitTest", "LG_MapUnitTest\LG_MapUnitTest.vcxproj", "{9D1804C4-A201-4903-98B2-C6B37C0374B3}"
	ProjectSection(ProjectDependencies) = postProject
		{828359A7-3D1B-4CC5-9264-B6432D9B6D04} = {828359A7-3D1B-4CC5-9264-B6432D9B6D04}
		{225902FA-D56E-40E7-9EE6-6E692C09A3DF} = {225902FA-D56E-40E7-9EE6-6E692C09A3DF}
	EndProjectSection
EndProject
Project("{8BC9CEB8-8B4A-11D0-8D11-00A0C91BC942}") = "LG_Algorithms", "LG_Algorithms\LG_Algorithms.vcxproj", "{EB9F2D87-47B7-400B-8ABE-FC00203F1C54}"
	ProjectSection(ProjectDependencies) = postProject
		{828359A7-3D1B-4CC5-9264-B6432D9B6D04} = {828359A7-3D1B-4CC5-9264-B6432D9B6D04}
		{353CAAB5-D25C-4249-A3DD-49BA0CAA3561} = {353CAAB5-D25C-4249-A3DD-49BA0CAA3561}
		{225902FA-D56E-40E7-9EE6-6E692C09A3DF} = {225902FA-D56E-40E7-9EE6-6E692C09A3DF}
	EndProjectSection
EndProject
Project("{8BC9CEB8-8B4A-11D0-8D11-00A0C91BC942}") = "LG_Utilities", "LG_Utilities\LG_Utilities.vcxproj", "{225902FA-D56E-40E7-9EE6-6E692C09A3DF}"
EndProject
Project("{8BC9CEB8-8B4A-11D0-8D11-00A0C91BC942}") = "LG_AlgorithmsUnitTest", "LG_AlgorithmsUnitTest\LG_AlgorithmsUnitTest.vcxproj", "{E61560D7-E343-41A6-ADB0-AED887858112}"
	ProjectSection(ProjectDependencies) = postProject
		{EB9F2D87-47B7-400B-8ABE-FC00203F1C54} = {EB9F2D87-47B7-400B-8ABE-FC00203F1C54}
		{828359A7-3D1B-4CC5-9264-B6432D9B6D04} = {828359A7-3D1B-4CC5-9264-B6432D9B6D04}
		{353CAAB5-D25C-4249-A3DD-49BA0CAA3561} = {353CAAB5-D25C-4249-A3DD-49BA0CAA3561}
		{225902FA-D56E-40E7-9EE6-6E692C09A3DF} = {225902FA-D56E-40E7-9EE6-6E692C09A3DF}
	EndProjectSection
EndProject
Project("{8BC9CEB8-8B4A-11D0-8D11-00A0C91BC942}") = "LG_UtilitiesUnitTest", "LG_UtilitiesUnitTest\LG_UtilitiesUnitTest.vcxproj", "{E78598CF-16A0-41C3-A22C-802CEB54814E}"
	ProjectSection(ProjectDependencies) = postProject
		{225902FA-D56E-40E7-9EE6-6E692C09A3DF} = {225902FA-D56E-40E7-9EE6-6E692C09A3DF}
	EndProjectSection
EndProject
Project("{8BC9CEB8-8B4A-11D0-8D11-00A0C91BC942}") = "LG_Geometry", "LG_Geometry\LG_Geometry.vcxproj", "{353CAAB5-D25C-4249-A3DD-49BA0CAA3561}"
	ProjectSection(ProjectDependencies) = postProject
		{225902FA-D56E-40E7-9EE6-6E692C09A3DF} = {225902FA-D56E-40E7-9EE6-6E692C09A3DF}
	EndProjectSection
EndProject
Project("{8BC9CEB8-8B4A-11D0-8D11-00A0C91BC942}") = "LG_GeometryUnitTest", "LG_GeometryUnitTest\LG_GeometryUnitTest.vcxproj", "{CE5409D7-38F0-41E7-99D5-71DEA5A6816F}"
	ProjectSection(ProjectDependencies) = postProject
		{353CAAB5-D25C-4249-A3DD-49BA0CAA3561} = {353CAAB5-D25C-4249-A3DD-49BA0CAA3561}
		{225902FA-D56E-40E7-9EE6-6E692C09A3DF} = {225902FA-D56E-40E7-9EE6-6E692C09A3DF}
	EndProjectSection
EndProject
Project("{8BC9CEB8-8B4A-11D0-8D11-00A0C91BC942}") = "LG_VisualUnitTest", "LG_VisualUnitTest\LG_VisualUnitTest.vcxproj", "{1B521505-6F56-47D9-82B6-84E15B8CE656}"
	ProjectSection(ProjectDependencies) = postProject
		{EB9F2D87-47B7-400B-8ABE-FC00203F1C54} = {EB9F2D87-47B7-400B-8ABE-FC00203F1C54}
		{828359A7-3D1B-4CC5-9264-B6432D9B6D04} = {828359A7-3D1B-4CC5-9264-B6432D9B6D04}
		{353CAAB5-D25C-4249-A3DD-49BA0CAA3561} = {353CAAB5-D25C-4249-A3DD-49BA0CAA3561}
		{225902FA-D56E-40E7-9EE6-6E692C09A3DF} = {225902FA-D56E-40E7-9EE6-6E692C09A3DF}
	EndProjectSection
EndProject
Project("{FAE04EC0-301F-11D3-BF4B-00C04F79EFBC}") = "LG_CSWrapper", "LG_CSWrapper\LG_CSWrapper.csproj", "{F932304A-D255-48C9-BF46-B8638085DE8C}"
	ProjectSection(ProjectDependencies) = postProject
		{EB9F2D87-47B7-400B-8ABE-FC00203F1C54} = {EB9F2D87-47B7-400B-8ABE-FC00203F1C54}
		{828359A7-3D1B-4CC5-9264-B6432D9B6D04} = {828359A7-3D1B-4CC5-9264-B6432D9B6D04}
		{353CAAB5-D25C-4249-A3DD-49BA0CAA3561} = {353CAAB5-D25C-4249-A3DD-49BA0CAA3561}
		{225902FA-D56E-40E7-9EE6-6E692C09A3DF} = {225902FA-D56E-40E7-9EE6-6E692C09A3DF}
	EndProjectSection
EndProject
Project("{8BC9CEB8-8B4A-11D0-8D11-00A0C91BC942}") = "LG_CPPWrapper", "LG_CPPWrapper\LG_CPPWrapper.vcxproj", "{C7AE6AB1-5659-495F-8AAD-5AF0557CFF6B}"
EndProject
Global
	GlobalSection(SolutionConfigurationPlatforms) = preSolution
		Debug|Any CPU = Debug|Any CPU
		Debug|x64 = Debug|x64
		Debug|x86 = Debug|x86
		Release|Any CPU = Release|Any CPU
		Release|x64 = Release|x64
		Release|x86 = Release|x86
	EndGlobalSection
	GlobalSection(ProjectConfigurationPlatforms) = postSolution
		{828359A7-3D1B-4CC5-9264-B6432D9B6D04}.Debug|Any CPU.ActiveCfg = Debug|Win32
		{828359A7-3D1B-4CC5-9264-B6432D9B6D04}.Debug|x64.ActiveCfg = Debug|x64
		{828359A7-3D1B-4CC5-9264-B6432D9B6D04}.Debug|x64.Build.0 = Debug|x64
		{828359A7-3D1B-4CC5-9264-B6432D9B6D04}.Debug|x86.ActiveCfg = Debug|Win32
		{828359A7-3D1B-4CC5-9264-B6432D9B6D04}.Debug|x86.Build.0 = Debug|Win32
		{828359A7-3D1B-4CC5-9264-B6432D9B6D04}.Release|Any CPU.ActiveCfg = Release|Win32
		{828359A7-3D1B-4CC5-9264-B6432D9B6D04}.Release|x64.ActiveCfg = Release|x64
		{828359A7-3D1B-4CC5-9264-B6432D9B6D04}.Release|x64.Build.0 = Release|x64
		{828359A7-3D1B-4CC5-9264-B6432D9B6D04}.Release|x86.ActiveCfg = Release|Win32
		{828359A7-3D1B-4CC5-9264-B6432D9B6D04}.Release|x86.Build.0 = Release|Win32
		{9D1804C4-A201-4903-98B2-C6B37C0374B3}.Debug|Any CPU.ActiveCfg = Debug|Win32
		{9D1804C4-A201-4903-98B2-C6B37C0374B3}.Debug|x64.ActiveCfg = Debug|x64
		{9D1804C4-A201-4903-98B2-C6B37C0374B3}.Debug|x64.Build.0 = Debug|x64
		{9D1804C4-A201-4903-98B2-C6B37C0374B3}.Debug|x86.ActiveCfg = Debug|Win32
		{9D1804C4-A201-4903-98B2-C6B37C0374B3}.Debug|x86.Build.0 = Debug|Win32
		{9D1804C4-A201-4903-98B2-C6B37C0374B3}.Release|Any CPU.ActiveCfg = Release|Win32
		{9D1804C4-A201-4903-98B2-C6B37C0374B3}.Release|x64.ActiveCfg = Release|x64
		{9D1804C4-A201-4903-98B2-C6B37C0374B3}.Release|x64.Build.0 = Release|x64
		{9D1804C4-A201-4903-98B2-C6B37C0374B3}.Release|x86.ActiveCfg = Release|Win32
		{9D1804C4-A201-4903-98B2-C6B37C0374B3}.Release|x86.Build.0 = Release|Win32
		{EB9F2D87-47B7-400B-8ABE-FC00203F1C54}.Debug|Any CPU.ActiveCfg = Debug|Win32
		{EB9F2D87-47B7-400B-8ABE-FC00203F1C54}.Debug|x64.ActiveCfg = Debug|x64
		{EB9F2D87-47B7-400B-8ABE-FC00203F1C54}.Debug|x64.Build.0 = Debug|x64
		{EB9F2D87-47B7-400B-8ABE-FC00203F1C54}.Debug|x86.ActiveCfg = Debug|Win32
		{EB9F2D87-47B7-400B-8ABE-FC00203F1C54}.Debug|x86.Build.0 = Debug|Win32
		{EB9F2D87-47B7-400B-8ABE-FC00203F1C54}.Release|Any CPU.ActiveCfg = Release|Win32
		{EB9F2D87-47B7-400B-8ABE-FC00203F1C54}.Release|x64.ActiveCfg = Release|x64
		{EB9F2D87-47B7-400B-8ABE-FC00203F1C54}.Release|x64.Build.0 = Release|x64
		{EB9F2D87-47B7-400B-8ABE-FC00203F1C54}.Release|x86.ActiveCfg = Release|Win32
		{EB9F2D87-47B7-400B-8ABE-FC00203F1C54}.Release|x86.Build.0 = Release|Win32
		{225902FA-D56E-40E7-9EE6-6E692C09A3DF}.Debug|Any CPU.ActiveCfg = Debug|Win32
		{225902FA-D56E-40E7-9EE6-6E692C09A3DF}.Debug|x64.ActiveCfg = Debug|x64
		{225902FA-D56E-40E7-9EE6-6E692C09A3DF}.Debug|x64.Build.0 = Debug|x64
		{225902FA-D56E-40E7-9EE6-6E692C09A3DF}.Debug|x86.ActiveCfg = Debug|Win32
		{225902FA-D56E-40E7-9EE6-6E692C09A3DF}.Debug|x86.Build.0 = Debug|Win32
		{225902FA-D56E-40E7-9EE6-6E692C09A3DF}.Release|Any CPU.ActiveCfg = Release|Win32
		{225902FA-D56E-40E7-9EE6-6E692C09A3DF}.Release|x64.ActiveCfg = Release|x64
		{225902FA-D56E-40E7-9EE6-6E692C09A3DF}.Release|x64.Build.0 = Release|x64
		{225902FA-D56E-40E7-9EE6-6E692C09A3DF}.Release|x86.ActiveCfg = Release|Win32
		{225902FA-D56E-40E7-9EE6-6E692C09A3DF}.Release|x86.Build.0 = Release|Win32
		{E61560D7-E343-41A6-ADB0-AED887858112}.Debug|Any CPU.ActiveCfg = Debug|Win32
		{E61560D7-E343-41A6-ADB0-AED887858112}.Debug|x64.ActiveCfg = Debug|x64
		{E61560D7-E343-41A6-ADB0-AED887858112}.Debug|x64.Build.0 = Debug|x64
		{E61560D7-E343-41A6-ADB0-AED887858112}.Debug|x86.ActiveCfg = Debug|Win32
		{E61560D7-E343-41A6-ADB0-AED887858112}.Debug|x86.Build.0 = Debug|Win32
		{E61560D7-E343-41A6-ADB0-AED887858112}.Release|Any CPU.ActiveCfg = Release|Win32
		{E61560D7-E343-41A6-ADB0-AED887858112}.Release|x64.ActiveCfg = Release|x64
		{E61560D7-E343-41A6-ADB0-AED887858112}.Release|x64.Build.0 = Release|x64
		{E61560D7-E343-41A6-ADB0-AED887858112}.Release|x86.ActiveCfg = Release|Win32
		{E61560D7-E343-41A6-ADB0-AED887858112}.Release|x86.Build.0 = Release|Win32
		{E78598CF-16A0-41C3-A22C-802CEB54814E}.Debug|Any CPU.ActiveCfg = Debug|Win32
		{E78598CF-16A0-41C3-A22C-802CEB54814E}.Debug|x64.ActiveCfg = Debug|x64
		{E78598CF-16A0-41C3-A22C-802CEB54814E}.Debug|x64.Build.0 = Debug|x64
		{E78598CF-16A0-41C3-A22C-802CEB54814E}.Debug|x86.ActiveCfg = Debug|Win32
		{E78598CF-16A0-41C3-A22C-802CEB54814E}.Debug|x86.Build.0 = Debug|Win32
		{E78598CF-16A0-41C3-A22C-802CEB54814E}.Release|Any CPU.ActiveCfg = Release|Win32
		{E78598CF-16A0-41C3-A22C-802CEB54814E}.Release|x64.ActiveCfg = Release|x64
		{E78598CF-16A0-41C3-A22C-802CEB54814E}.Release|x64.Build.0 = Release|x64
		{E78598CF-16A0-41C3-A22C-802CEB54814E}.Release|x86.ActiveCfg = Release|Win32
		{E78598CF-16A0-41C3-A22C-802CEB54814E}.Release|x86.Build.0 = Release|Win32
		{353CAAB5-D25C-4249-A3DD-49BA0CAA3561}.Debug|Any CPU.ActiveCfg = Debug|Win32
		{353CAAB5-D25C-4249-A3DD-49BA0CAA3561}.Debug|x64.ActiveCfg = Debug|x64
		{353CAAB5-D25C-4249-A3DD-49BA0CAA3561}.Debug|x64.Build.0 = Debug|x64
		{353CAAB5-D25C-4249-A3DD-49BA0CAA3561}.Debug|x86.ActiveCfg = Debug|Win32
		{353CAAB5-D25C-4249-A3DD-49BA0CAA3561}.Debug|x86.Build.0 = Debug|Win32
		{353CAAB5-D25C-4249-A3DD-49BA0CAA3561}.Release|Any CPU.ActiveCfg = Release|Win32
		{353CAAB5-D25C-4249-A3DD-49BA0CAA3561}.Release|x64.ActiveCfg = Release|x64
		{353CAAB5-D25C-4249-A3DD-49BA0CAA3561}.Release|x64.Build.0 = Release|x64
		{353CAAB5-D25C-4249-A3DD-49BA0CAA3561}.Release|x86.ActiveCfg = Release|Win32
		{353CAAB5-D25C-4249-A3DD-49BA0CAA3561}.Release|x86.Build.0 = Release|Win32
		{CE5409D7-38F0-41E7-99D5-71DEA5A6816F}.Debug|Any CPU.ActiveCfg = Debug|Win32
		{CE5409D7-38F0-41E7-99D5-71DEA5A6816F}.Debug|x64.ActiveCfg = Debug|x64
		{CE5409D7-38F0-41E7-99D5-71DEA5A6816F}.Debug|x64.Build.0 = Debug|x64
		{CE5409D7-38F0-41E7-99D5-71DEA5A6816F}.Debug|x86.ActiveCfg = Debug|Win32
		{CE5409D7-38F0-41E7-99D5-71DEA5A6816F}.Debug|x86.Build.0 = Debug|Win32
		{CE5409D7-38F0-41E7-99D5-71DEA5A6816F}.Release|Any CPU.ActiveCfg = Release|Win32
		{CE5409D7-38F0-41E7-99D5-71DEA5A6816F}.Release|x64.ActiveCfg = Release|x64
		{CE5409D7-38F0-41E7-99D5-71DEA5A6816F}.Release|x64.Build.0 = Release|x64
		{CE5409D7-38F0-41E7-99D5-71DEA5A6816F}.Release|x86.ActiveCfg = Release|Win32
		{CE5409D7-38F0-41E7-99D5-71DEA5A6816F}.Release|x86.Build.0 = Release|Win32
		{1B521505-6F56-47D9-82B6-84E15B8CE656}.Debug|Any CPU.ActiveCfg = Debug|Win32
		{1B521505-6F56-47D9-82B6-84E15B8CE656}.Debug|x64.ActiveCfg = Debug|x64
		{1B521505-6F56-47D9-82B6-84E15B8CE656}.Debug|x64.Build.0 = Debug|x64
		{1B521505-6F56-47D9-82B6-84E15B8CE656}.Debug|x86.ActiveCfg = Debug|Win32
		{1B521505-6F56-47D9-82B6-84E15B8CE656}.Debug|x86.Build.0 = Debug|Win32
		{1B521505-6F56-47D9-82B6-84E15B8CE656}.Release|Any CPU.ActiveCfg = Release|Win32
		{1B521505-6F56-47D9-82B6-84E15B8CE656}.Release|x64.ActiveCfg = Release|x64
		{1B521505-6F56-47D9-82B6-84E15B8CE656}.Release|x64.Build.0 = Release|x64
		{1B521505-6F56-47D9-82B6-84E15B8CE656}.Release|x86.ActiveCfg = Release|Win32
		{1B521505-6F56-47D9-82B6-84E15B8CE656}.Release|x86.Build.0 = Release|Win32
		{F932304A-D255-48C9-BF46-B8638085DE8C}.Debug|Any CPU.ActiveCfg = Debug|Any CPU
		{F932304A-D255-48C9-BF46-B8638085DE8C}.Debug|Any CPU.Build.0 = Debug|Any CPU
		{F932304A-D255-48C9-BF46-B8638085DE8C}.Debug|x64.ActiveCfg = Debug|Any CPU
		{F932304A-D255-48C9-BF46-B8638085DE8C}.Debug|x64.Build.0 = Debug|Any CPU
		{F932304A-D255-48C9-BF46-B8638085DE8C}.Debug|x86.ActiveCfg = Debug|Any CPU
		{F932304A-D255-48C9-BF46-B8638085DE8C}.Debug|x86.Build.0 = Debug|Any CPU
		{F932304A-D255-48C9-BF46-B8638085DE8C}.Release|Any CPU.ActiveCfg = Release|Any CPU
		{F932304A-D255-48C9-BF46-B8638085DE8C}.Release|Any CPU.Build.0 = Release|Any CPU
		{F932304A-D255-48C9-BF46-B8638085DE8C}.Release|x64.ActiveCfg = Release|Any CPU
		{F932304A-D255-48C9-BF46-B8638085DE8C}.Release|x64.Build.0 = Release|Any CPU
		{F932304A-D255-48C9-BF46-B8638085DE8C}.Release|x86.ActiveCfg = Release|Any CPU
		{F932304A-D255-48C9-BF46-B8638085DE8C}.Release|x86.Build.0 = Release|Any CPU
		{C7AE6AB1-5659-495F-8AAD-5AF0557CFF6B}.Debug|Any CPU.ActiveCfg = Debug|Win32
		{C7AE6AB1-5659-495F-8AAD-5AF0557CFF6B}.Debug|x64.ActiveCfg = Debug|x64
		{C7AE6AB1-5659-495F-8AAD-5AF0557CFF6B}.Debug|x64.Build.0 = Debug|x64
		{C7AE6AB1-5659-495F-8AAD-5AF0557CFF6B}.Debug|x86.ActiveCfg = Debug|Win32
		{C7AE6AB1-5659-495F-8AAD-5AF0557CFF6B}.Debug|x86.Build.0 = Debug|Win32
		{C7AE6AB1-5659-495F-8AAD-5AF0557CFF6B}.Release|Any CPU.ActiveCfg = Release|Win32
		{C7AE6AB1-5659-495F-8AAD-5AF0557CFF6B}.Release|x64.ActiveCfg = Release|x64
		{C7AE6AB1-5659-495F-8AAD-5AF0557CFF6B}.Release|x64.Build.0 = Release|x64
		{C7AE6AB1-5659-495F-8AAD-5AF0557CFF6B}.Release|x86.ActiveCfg = Release|Win32
		{C7AE6AB1-5659-495F-8AAD-5AF0557CFF6B}.Release|x86.Build.0 = Release|Win32
	EndGlobalSection
	GlobalSection(SolutionProperties) = preSolution
		HideSolutionNode = FALSE
	EndGlobalSection
EndGlobal
